Microsoft Visual Studio Solution File, Format Version 12.00
# Visual Studio Version 18
VisualStudioVersion = 18.8.12009.203
MinimumVisualStudioVersion = 10.0.40219.1
Project("{FAE04EC0-301F-11D3-BF4B-00C04F79EFBC}") = "UnknownSite0.Plugins", "UnknownSite0.Plugins\UnknownSite0.Plugins.csproj", "{5067ECF6-A942-438C-BFF5-DF9A1F41D08A}"
EndProject
Project("{FAE04EC0-301F-11D3-BF4B-00C04F79EFBC}") = "UnknownSite0.Examples", "UnknownSite0.Examples\UnknownSite0.Examples.csproj", "{7888767D-10E3-473E-BB69-5813243E19D4}"
EndProject
Global
	GlobalSection(SolutionConfigurationPlatforms) = preSolution
		Debug|Any CPU = Debug|Any CPU
		Release|Any CPU = Release|Any CPU
	EndGlobalSection
	GlobalSection(ProjectConfigurationPlatforms) = postSolution
		{5067ECF6-A942-438C-BFF5-DF9A1F41D08A}.Debug|Any CPU.ActiveCfg = Debug|Any CPU
		{5067ECF6-A942-438C-BFF5-DF9A1F41D08A}.Debug|Any CPU.Build.0 = Debug|Any CPU
		{5067ECF6-A942-438C-BFF5-DF9A1F41D08A}.Release|Any CPU.ActiveCfg = Release|Any CPU
		{5067ECF6-A942-438C-BFF5-DF9A1F41D08A}.Release|Any CPU.Build.0 = Release|Any CPU
		{7888767D-10E3-473E-BB69-5813243E19D4}.Debug|Any CPU.ActiveCfg = Debug|Any CPU
		{7888767D-10E3-473E-BB69-5813243E19D4}.Debug|Any CPU.Build.0 = Debug|Any CPU
		{7888767D-10E3-473E-BB69-5813243E19D4}.Release|Any CPU.ActiveCfg = Release|Any CPU
		{7888767D-10E3-473E-BB69-5813243E19D4}.Release|Any CPU.Build.0 = Release|Any CPU
	EndGlobalSection
	GlobalSection(SolutionProperties) = preSolution
		HideSolutionNode = FALSE
	EndGlobalSection
	GlobalSection(ExtensibilityGlobals) = postSolution
		SolutionGuid = {AE3D6016-7745-4159-A156-1C530EE6224A}
	EndGlobalSection
EndGlobal
